
Microsoft Visual Studio Solution File, Format Version 12.00
# Visual Studio Version 17
VisualStudioVersion = 17.1.32319.34
MinimumVisualStudioVersion = 10.0.40219.1
Project("{FAE04EC0-301F-11D3-BF4B-00C04F79EFBC}") = "CarProject.API", "CarProject.API\CarProject.API.csproj", "{73C888F4-EC59-4652-BE2C-D6C6579853BA}"
EndProject
Project("{FAE04EC0-301F-11D3-BF4B-00C04F79EFBC}") = "CarProject.Data", "CarProject.Data\CarProject.Data.csproj", "{CDE9ACE3-B3FA-46CE-947C-4FEC88A79700}"
EndProject
Global
	GlobalSection(SolutionConfigurationPlatforms) = preSolution
		Debug|Any CPU = Debug|Any CPU
		Release|Any CPU = Release|Any CPU
	EndGlobalSection
	GlobalSection(ProjectConfigurationPlatforms) = postSolution
		{73C888F4-EC59-4652-BE2C-D6C6579853BA}.Debug|Any CPU.ActiveCfg = Debug|Any CPU
		{73C888F4-EC59-4652-BE2C-D6C6579853BA}.Debug|Any CPU.Build.0 = Debug|Any CPU
		{73C888F4-EC59-4652-BE2C-D6C6579853BA}.Release|Any CPU.ActiveCfg = Release|Any CPU
		{73C888F4-EC59-4652-BE2C-D6C6579853BA}.Release|Any CPU.Build.0 = Release|Any CPU
		{CDE9ACE3-B3FA-46CE-947C-4FEC88A79700}.Debug|Any CPU.ActiveCfg = Debug|Any CPU
		{CDE9ACE3-B3FA-46CE-947C-4FEC88A79700}.Debug|Any CPU.Build.0 = Debug|Any CPU
		{CDE9ACE3-B3FA-46CE-947C-4FEC88A79700}.Release|Any CPU.ActiveCfg = Release|Any CPU
		{CDE9ACE3-B3FA-46CE-947C-4FEC88A79700}.Release|Any CPU.Build.0 = Release|Any CPU
	EndGlobalSection
	GlobalSection(SolutionProperties) = preSolution
		HideSolutionNode = FALSE
	EndGlobalSection
	GlobalSection(ExtensibilityGlobals) = postSolution
		SolutionGuid = {1B504394-6BC9-4762-B972-971EB109936C}
	EndGlobalSection
EndGlobal
